
Microsoft Visual Studio Solution File, Format Version 12.00
# Visual Studio Version 17
VisualStudioVersion = 17.0.31903.59
MinimumVisualStudioVersion = 10.0.40219.1
Project("{2150E333-8FDC-42A3-9474-1A3956D46DE8}") = "src", "src", "{827E0CD3-B72D-47B6-A68D-7590B98EB39B}"
EndProject
Project("{FAE04EC0-301F-11D3-BF4B-00C04F79EFBC}") = "IronBrew2", "src\IronBrew2\IronBrew2.csproj", "{4ED783DF-A179-49D1-90FC-5386FB5C2EDA}"
EndProject
Project("{FAE04EC0-301F-11D3-BF4B-00C04F79EFBC}") = "IronBrew2.Cli", "src\IronBrew2.Cli\IronBrew2.Cli.csproj", "{05E89445-2ADA-47AE-B894-8422E84B55E6}"
EndProject
Project("{FAE04EC0-301F-11D3-BF4B-00C04F79EFBC}") = "IronBrew2.Tests", "src\IronBrew2.Tests\IronBrew2.Tests.csproj", "{B4672293-B664-40DF-B949-9CE0046AEA13}"
EndProject
Global
	GlobalSection(SolutionConfigurationPlatforms) = preSolution
		Debug|Any CPU = Debug|Any CPU
		Debug|x64 = Debug|x64
		Debug|x86 = Debug|x86
		Release|Any CPU = Release|Any CPU
		Release|x64 = Release|x64
		Release|x86 = Release|x86
	EndGlobalSection
	GlobalSection(ProjectConfigurationPlatforms) = postSolution
		{4ED783DF-A179-49D1-90FC-5386FB5C2EDA}.Debug|Any CPU.ActiveCfg = Debug|Any CPU
		{4ED783DF-A179-49D1-90FC-5386FB5C2EDA}.Debug|Any CPU.Build.0 = Debug|Any CPU
		{4ED783DF-A179-49D1-90FC-5386FB5C2EDA}.Debug|x64.ActiveCfg = Debug|Any CPU
		{4ED783DF-A179-49D1-90FC-5386FB5C2EDA}.Debug|x64.Build.0 = Debug|Any CPU
		{4ED783DF-A179-49D1-90FC-5386FB5C2EDA}.Debug|x86.ActiveCfg = Debug|Any CPU
		{4ED783DF-A179-49D1-90FC-5386FB5C2EDA}.Debug|x86.Build.0 = Debug|Any CPU
		{4ED783DF-A179-49D1-90FC-5386FB5C2EDA}.Release|Any CPU.ActiveCfg = Release|Any CPU
		{4ED783DF-A179-49D1-90FC-5386FB5C2EDA}.Release|Any CPU.Build.0 = Release|Any CPU
		{4ED783DF-A179-49D1-90FC-5386FB5C2EDA}.Release|x64.ActiveCfg = Release|Any CPU
		{4ED783DF-A179-49D1-90FC-5386FB5C2EDA}.Release|x64.Build.0 = Release|Any CPU
		{4ED783DF-A179-49D1-90FC-5386FB5C2EDA}.Release|x86.ActiveCfg = Release|Any CPU
		{4ED783DF-A179-49D1-90FC-5386FB5C2EDA}.Release|x86.Build.0 = Release|Any CPU
		{05E89445-2ADA-47AE-B894-8422E84B55E6}.Debug|Any CPU.ActiveCfg = Debug|Any CPU
		{05E89445-2ADA-47AE-B894-8422E84B55E6}.Debug|Any CPU.Build.0 = Debug|Any CPU
		{05E89445-2ADA-47AE-B894-8422E84B55E6}.Debug|x64.ActiveCfg = Debug|Any CPU
		{05E89445-2ADA-47AE-B894-8422E84B55E6}.Debug|x64.Build.0 = Debug|Any CPU
		{05E89445-2ADA-47AE-B894-8422E84B55E6}.Debug|x86.ActiveCfg = Debug|Any CPU
		{05E89445-2ADA-47AE-B894-8422E84B55E6}.Debug|x86.Build.0 = Debug|Any CPU
		{05E89445-2ADA-47AE-B894-8422E84B55E6}.Release|Any CPU.ActiveCfg = Release|Any CPU
		{05E89445-2ADA-47AE-B894-8422E84B55E6}.Release|Any CPU.Build.0 = Release|Any CPU
		{05E89445-2ADA-47AE-B894-8422E84B55E6}.Release|x64.ActiveCfg = Release|Any CPU
		{05E89445-2ADA-47AE-B894-8422E84B55E6}.Release|x64.Build.0 = Release|Any CPU
		{05E89445-2ADA-47AE-B894-8422E84B55E6}.Release|x86.ActiveCfg = Release|Any CPU
		{05E89445-2ADA-47AE-B894-8422E84B55E6}.Release|x86.Build.0 = Release|Any CPU
		{B4672293-B664-40DF-B949-9CE0046AEA13}.Debug|Any CPU.ActiveCfg = Debug|Any CPU
		{B4672293-B664-40DF-B949-9CE0046AEA13}.Debug|Any CPU.Build.0 = Debug|Any CPU
		{B4672293-B664-40DF-B949-9CE0046AEA13}.Debug|x64.ActiveCfg = Debug|Any CPU
		{B4672293-B664-40DF-B949-9CE0046AEA13}.Debug|x64.Build.0 = Debug|Any CPU
		{B4672293-B664-40DF-B949-9CE0046AEA13}.Debug|x86.ActiveCfg = Debug|Any CPU
		{B4672293-B664-40DF-B949-9CE0046AEA13}.Debug|x86.Build.0 = Debug|Any CPU
		{B4672293-B664-40DF-B949-9CE0046AEA13}.Release|Any CPU.ActiveCfg = Release|Any CPU
		{B4672293-B664-40DF-B949-9CE0046AEA13}.Release|Any CPU.Build.0 = Release|Any CPU
		{B4672293-B664-40DF-B949-9CE0046AEA13}.Release|x64.ActiveCfg = Release|Any CPU
		{B4672293-B664-40DF-B949-9CE0046AEA13}.Release|x64.Build.0 = Release|Any CPU
		{B4672293-B664-40DF-B949-9CE0046AEA13}.Release|x86.ActiveCfg = Release|Any CPU
		{B4672293-B664-40DF-B949-9CE0046AEA13}.Release|x86.Build.0 = Release|Any CPU
	EndGlobalSection
	GlobalSection(SolutionProperties) = preSolution
		HideSolutionNode = FALSE
	EndGlobalSection
	GlobalSection(NestedProjects) = preSolution
		{4ED783DF-A179-49D1-90FC-5386FB5C2EDA} = {827E0CD3-B72D-47B6-A68D-7590B98EB39B}
		{05E89445-2ADA-47AE-B894-8422E84B55E6} = {827E0CD3-B72D-47B6-A68D-7590B98EB39B}
		{B4672293-B664-40DF-B949-9CE0046AEA13} = {827E0CD3-B72D-47B6-A68D-7590B98EB39B}
	EndGlobalSection
EndGlobal
